
Microsoft Visual Studio Solution File, Format Version 12.00
# Visual Studio 15
VisualStudioVersion = 15.0.28307.329
MinimumVisualStudioVersion = 10.0.40219.1
Project("{FAE04EC0-301F-11D3-BF4B-00C04F79EFBC}") = "mi", "mi\mi.csproj", "{3D80D830-B531-44CC-A74E-2B2D1C2F0F16}"
EndProject
Project("{FAE04EC0-301F-11D3-BF4B-00C04F79EFBC}") = "MipadService", "MipadService\MipadService.csproj", "{767B4C1F-D367-4ACF-A448-AA8F593480FB}"
EndProject
Project("{54435603-DBB4-11D2-8724-00A0C9A8B90C}") = "MiX360 Setup", "MiX360 Setup\MiX360 Setup.vdproj", "{D17FEB46-4565-4394-969B-CE5D25DDFB99}"
EndProject
Global
	GlobalSection(SolutionConfigurationPlatforms) = preSolution
		Debug|Any CPU = Debug|Any CPU
		Release|Any CPU = Release|Any CPU
	EndGlobalSection
	GlobalSection(ProjectConfigurationPlatforms) = postSolution
		{3D80D830-B531-44CC-A74E-2B2D1C2F0F16}.Debug|Any CPU.ActiveCfg = Debug|Any CPU
		{3D80D830-B531-44CC-A74E-2B2D1C2F0F16}.Debug|Any CPU.Build.0 = Debug|Any CPU
		{3D80D830-B531-44CC-A74E-2B2D1C2F0F16}.Release|Any CPU.ActiveCfg = Release|Any CPU
		{3D80D830-B531-44CC-A74E-2B2D1C2F0F16}.Release|Any CPU.Build.0 = Release|Any CPU
		{767B4C1F-D367-4ACF-A448-AA8F593480FB}.Debug|Any CPU.ActiveCfg = Debug|Any CPU
		{767B4C1F-D367-4ACF-A448-AA8F593480FB}.Debug|Any CPU.Build.0 = Debug|Any CPU
		{767B4C1F-D367-4ACF-A448-AA8F593480FB}.Release|Any CPU.ActiveCfg = Release|Any CPU
		{767B4C1F-D367-4ACF-A448-AA8F593480FB}.Release|Any CPU.Build.0 = Release|Any CPU
		{D17FEB46-4565-4394-969B-CE5D25DDFB99}.Debug|Any CPU.ActiveCfg = Debug
		{D17FEB46-4565-4394-969B-CE5D25DDFB99}.Release|Any CPU.ActiveCfg = Release
	EndGlobalSection
	GlobalSection(SolutionProperties) = preSolution
		HideSolutionNode = FALSE
	EndGlobalSection
	GlobalSection(ExtensibilityGlobals) = postSolution
		SolutionGuid = {FFB60525-F81B-4C46-B02E-42C1882161F8}
	EndGlobalSection
EndGlobal
